
Microsoft Visual Studio Solution File, Format Version 12.00
# Visual Studio Version 16
VisualStudioVersion = 16.0.31005.135
MinimumVisualStudioVersion = 10.0.40219.1
Project("{9A19103F-16F7-4668-BE54-9A1E7A4F7556}") = "APIsASManager.CoreV3", "APIsASManager.CoreV3\APIsASManager.CoreV3.csproj", "{4DBA3E13-774E-46EC-8CF8-7663BCCF283A}"
EndProject
Global
	GlobalSection(SolutionConfigurationPlatforms) = preSolution
		Debug|Any CPU = Debug|Any CPU
		Debug|x64 = Debug|x64
		Release|Any CPU = Release|Any CPU
		Release|x64 = Release|x64
	EndGlobalSection
	GlobalSection(ProjectConfigurationPlatforms) = postSolution
		{4DBA3E13-774E-46EC-8CF8-7663BCCF283A}.Debug|Any CPU.ActiveCfg = Debug|Any CPU
		{4DBA3E13-774E-46EC-8CF8-7663BCCF283A}.Debug|Any CPU.Build.0 = Debug|Any CPU
		{4DBA3E13-774E-46EC-8CF8-7663BCCF283A}.Debug|x64.ActiveCfg = Debug|x64
		{4DBA3E13-774E-46EC-8CF8-7663BCCF283A}.Debug|x64.Build.0 = Debug|x64
		{4DBA3E13-774E-46EC-8CF8-7663BCCF283A}.Release|Any CPU.ActiveCfg = Release|Any CPU
		{4DBA3E13-774E-46EC-8CF8-7663BCCF283A}.Release|Any CPU.Build.0 = Release|Any CPU
		{4DBA3E13-774E-46EC-8CF8-7663BCCF283A}.Release|x64.ActiveCfg = Release|x64
		{4DBA3E13-774E-46EC-8CF8-7663BCCF283A}.Release|x64.Build.0 = Release|x64
	EndGlobalSection
	GlobalSection(SolutionProperties) = preSolution
		HideSolutionNode = FALSE
	EndGlobalSection
	GlobalSection(ExtensibilityGlobals) = postSolution
		SolutionGuid = {55697825-7C77-4F6A-9727-15FA3C52F4CF}
	EndGlobalSection
EndGlobal
